# THIS IS AN AUTOGENERATED FILE. DO NOT EDIT THIS FILE DIRECTLY.
# yarn lockfile v1


dedent-js@^1.0.1:
  version "1.0.1"
  resolved "https://registry.yarnpkg.com/dedent-js/-/dedent-js-1.0.1.tgz#bee5fb7c9e727d85dffa24590d10ec1ab1255305"
  integrity sha1-vuX7fJ5yfYXf+iRZDRDsGrElUwU=

nicepattern@^1.0.3:
  version "1.0.3"
  resolved "https://registry.yarnpkg.com/nicepattern/-/nicepattern-1.0.3.tgz#16dbb2c175abe34f2cd7eb44817884c40e89658d"
  integrity sha512-Uo78DAyTUgGmw4M6UYTRZwwK1Sdmi1j6Ix1UzOf2UeQoiVPUyXitMEN8ZM9qL7POCtjwUlypMGACwNYXoBm1wA==
  dependencies:
    dedent-js "^1.0.1"
